// !$*UTF8*$!
{
	archiveVersion = 1;
	classes = {
	};
	objectVersion = 46;
	objects = {

/* Begin PBXBuildFile section */
		3CA39EBF1DDE26E300017718 /* HappyEnding.wav in Resources */ = {isa = PBXBuildFile; fileRef = 3CA39EBC1DDE26E300017718 /* HappyEnding.wav */; };
		3CA39EC01DDE26E300017718 /* Ominous.wav in Resources */ = {isa = PBXBuildFile; fileRef = 3CA39EBD1DDE26E300017718 /* Ominous.wav */; };
		3CA39EC11DDE26E300017718 /* PageTurn.wav in Resources */ = {isa = PBXBuildFile; fileRef = 3CA39EBE1DDE26E300017718 /* PageTurn.wav */; };
		3CC673E61DDD0F7C009E1922 /* AppDelegate.swift in Sources */ = {isa = PBXBuildFile; fileRef = 3CC673E51DDD0F7C009E1922 /* AppDelegate.swift */; };
		3CC673E81DDD0F7C009E1922 /* ViewController.swift in Sources */ = {isa = PBXBuildFile; fileRef = 3CC673E71DDD0F7C009E1922 /* ViewController.swift */; };
		3CC673EB1DDD0F7C009E1922 /* Main.storyboard in Resources */ = {isa = PBXBuildFile; fileRef = 3CC673E91DDD0F7C009E1922 /* Main.storyboard */; };
		3CC673ED1DDD0F7C009E1922 /* Assets.xcassets in Resources */ = {isa = PBXBuildFile; fileRef = 3CC673EC1DDD0F7C009E1922 /* Assets.xcassets */; };
		3CC673F01DDD0F7C009E1922 /* LaunchScreen.storyboard in Resources */ = {isa = PBXBuildFile; fileRef = 3CC673EE1DDD0F7C009E1922 /* LaunchScreen.storyboard */; };
		3CC673F81DDD1667009E1922 /* InteractiveStory.swift in Sources */ = {isa = PBXBuildFile; fileRef = 3CC673F71DDD1667009E1922 /* InteractiveStory.swift */; };
		3CC673FA1DDD257A009E1922 /* PageController.swift in Sources */ = {isa = PBXBuildFile; fileRef = 3CC673F91DDD257A009E1922 /* PageController.swift */; };
/* End PBXBuildFile section */

/* Begin PBXFileReference section */
		3CA39EBC1DDE26E300017718 /* HappyEnding.wav */ = {isa = PBXFileReference; lastKnownFileType = audio.wav; name = HappyEnding.wav; path = ../../../../../Downloads/Sounds/HappyEnding.wav; sourceTree = "<group>"; };
		3CA39EBD1DDE26E300017718 /* Ominous.wav */ = {isa = PBXFileReference; lastKnownFileType = audio.wav; name = Ominous.wav; path = ../../../../../Downloads/Sounds/Ominous.wav; sourceTree = "<group>"; };
		3CA39EBE1DDE26E300017718 /* PageTurn.wav */ = {isa = PBXFileReference; lastKnownFileType = audio.wav; name = PageTurn.wav; path = ../../../../../Downloads/Sounds/PageTurn.wav; sourceTree = "<group>"; };
		3CC673E21DDD0F7C009E1922 /* InteractiveStory.app */ = {isa = PBXFileReference; explicitFileType = wrapper.application; includeInIndex = 0; path = InteractiveStory.app; sourceTree = BUILT_PRODUCTS_DIR; };
		3CC673E51DDD0F7C009E1922 /* AppDelegate.swift */ = {isa = PBXFileReference; lastKnownFileType = sourcecode.swift; path = AppDelegate.swift; sourceTree = "<group>"; };
		3CC673E71DDD0F7C009E1922 /* ViewController.swift */ = {isa = PBXFileReference; lastKnownFileType = sourcecode.swift; path = ViewController.swift; sourceTree = "<group>"; };
		3CC673EA1DDD0F7C009E1922 /* Base */ = {isa = PBXFileReference; lastKnownFileType = file.storyboard; name = Base; path = Base.lproj/Main.storyboard; sourceTree = "<group>"; };
		3CC673EC1DDD0F7C009E1922 /* Assets.xcassets */ = {isa = PBXFileReference; lastKnownFileType = folder.assetcatalog; path = Assets.xcassets; sourceTree = "<group>"; };
		3CC673EF1DDD0F7C009E1922 /* Base */ = {isa = PBXFileReference; lastKnownFileType = file.storyboard; name = Base; path = Base.lproj/LaunchScreen.storyboard; sourceTree = "<group>"; };
		3CC673F11DDD0F7C009E1922 /* Info.plist */ = {isa = PBXFileReference; lastKnownFileType = text.plist.xml; path = Info.plist; sourceTree = "<group>"; };
		3CC673F71DDD1667009E1922 /* InteractiveStory.swift */ = {isa = PBXFileReference; fileEncoding = 4; lastKnownFileType = sourcecode.swift; path = InteractiveStory.swift; sourceTree = "<group>"; };
		3CC673F91DDD257A009E1922 /* PageController.swift */ = {isa = PBXFileReference; fileEncoding = 4; lastKnownFileType = sourcecode.swift; path = PageController.swift; sourceTree = "<group>"; };
/* End PBXFileReference section */

/* Begin PBXFrameworksBuildPhase section */
		3CC673DF1DDD0F7B009E1922 /* Frameworks */ = {
			isa = PBXFrameworksBuildPhase;
			buildActionMask = 2147483647;
			files = (
			);
			runOnlyForDeploymentPostprocessing = 0;
		};
/* End PBXFrameworksBuildPhase section */

/* Begin PBXGroup section */
		3CA39EBB1DDE26C600017718 /* resources */ = {
			isa = PBXGroup;
			children = (
				3CA39EBC1DDE26E300017718 /* HappyEnding.wav */,
				3CA39EBD1DDE26E300017718 /* Ominous.wav */,
				3CA39EBE1DDE26E300017718 /* PageTurn.wav */,
			);
			name = resources;
			sourceTree = "<group>";
		};
		3CC673D91DDD0F7B009E1922 = {
			isa = PBXGroup;
			children = (
				3CC673E41DDD0F7C009E1922 /* InteractiveStory */,
				3CC673E31DDD0F7C009E1922 /* Products */,
			);
			sourceTree = "<group>";
		};
		3CC673E31DDD0F7C009E1922 /* Products */ = {
			isa = PBXGroup;
			children = (
				3CC673E21DDD0F7C009E1922 /* InteractiveStory.app */,
			);
			name = Products;
			sourceTree = "<group>";
		};
		3CC673E41DDD0F7C009E1922 /* InteractiveStory */ = {
			isa = PBXGroup;
			children = (
				3CC673E51DDD0F7C009E1922 /* AppDelegate.swift */,
				3CC673E71DDD0F7C009E1922 /* ViewController.swift */,
				3CC673F71DDD1667009E1922 /* InteractiveStory.swift */,
				3CC673F91DDD257A009E1922 /* PageController.swift */,
				3CC673E91DDD0F7C009E1922 /* Main.storyboard */,
				3CC673EC1DDD0F7C009E1922 /* Assets.xcassets */,
				3CC673EE1DDD0F7C009E1922 /* LaunchScreen.storyboard */,
				3CC673F11DDD0F7C009E1922 /* Info.plist */,
				3CA39EBB1DDE26C600017718 /* resources */,
			);
			path = InteractiveStory;
			sourceTree = "<group>";
		};
/* End PBXGroup section */

/* Begin PBXNativeTarget section */
		3CC673E11DDD0F7B009E1922 /* InteractiveStory */ = {
			isa = PBXNativeTarget;
			buildConfigurationList = 3CC673F41DDD0F7C009E1922 /* Build configuration list for PBXNativeTarget "InteractiveStory" */;
			buildPhases = (
				3CC673DE1DDD0F7B009E1922 /* Sources */,
				3CC673DF1DDD0F7B009E1922 /* Frameworks */,
				3CC673E01DDD0F7B009E1922 /* Resources */,
			);
			buildRules = (
			);
			dependencies = (
			);
			name = InteractiveStory;
			productName = InteractiveStory;
			productReference = 3CC673E21DDD0F7C009E1922 /* InteractiveStory.app */;
			productType = "com.apple.product-type.application";
		};
/* End PBXNativeTarget section */

/* Begin PBXProject section */
		3CC673DA1DDD0F7B009E1922 /* Project object */ = {
			isa = PBXProject;
			attributes = {
				LastSwiftUpdateCheck = 0800;
				LastUpgradeCheck = 0800;
				ORGANIZATIONNAME = "Kirsten McAulay";
				TargetAttributes = {
					3CC673E11DDD0F7B009E1922 = {
						CreatedOnToolsVersion = 8.0;
						ProvisioningStyle = Automatic;
					};
				};
			};
			buildConfigurationList = 3CC673DD1DDD0F7B009E1922 /* Build configuration list for PBXProject "InteractiveStory" */;
			compatibilityVersion = "Xcode 3.2";
			developmentRegion = English;
			hasScannedForEncodings = 0;
			knownRegions = (
				en,
				Base,
			);
			mainGroup = 3CC673D91DDD0F7B009E1922;
			productRefGroup = 3CC673E31DDD0F7C009E1922 /* Products */;
			projectDirPath = "";
			projectRoot = "";
			targets = (
				3CC673E11DDD0F7B009E1922 /* InteractiveStory */,
			);
		};
/* End PBXProject section */

/* Begin PBXResourcesBuildPhase section */
		3CC673E01DDD0F7B009E1922 /* Resources */ = {
			isa = PBXResourcesBuildPhase;
			buildActionMask = 2147483647;
			files = (
				3CA39EC01DDE26E300017718 /* Ominous.wav in Resources */,
				3CC673F01DDD0F7C009E1922 /* LaunchScreen.storyboard in Resources */,
				3CC673ED1DDD0F7C009E1922 /* Assets.xcassets in Resources */,
				3CA39EBF1DDE26E300017718 /* HappyEnding.wav in Resources */,
				3CA39EC11DDE26E300017718 /* PageTurn.wav in Resources */,
				3CC673EB1DDD0F7C009E1922 /* Main.storyboard in Resources */,
			);
			runOnlyForDeploymentPostprocessing = 0;
		};
/* End PBXResourcesBuildPhase section */

/* Begin PBXSourcesBuildPhase section */
		3CC673DE1DDD0F7B009E1922 /* Sources */ = {
			isa = PBXSourcesBuildPhase;
			buildActionMask = 2147483647;
			files = (
				3CC673FA1DDD257A009E1922 /* PageController.swift in Sources */,
				3CC673F81DDD1667009E1922 /* InteractiveStory.swift in Sources */,
				3CC673E81DDD0F7C009E1922 /* ViewController.swift in Sources */,
				3CC673E61DDD0F7C009E1922 /* AppDelegate.swift in Sources */,
			);
			runOnlyForDeploymentPostprocessing = 0;
		};
/* End PBXSourcesBuildPhase section */

/* Begin PBXVariantGroup section */
		3CC673E91DDD0F7C009E1922 /* Main.storyboard */ = {
			isa = PBXVariantGroup;
			children = (
				3CC673EA1DDD0F7C009E1922 /* Base */,
			);
			name = Main.storyboard;
			sourceTree = "<group>";
		};
		3CC673EE1DDD0F7C009E1922 /* LaunchScreen.storyboard */ = {
			isa = PBXVariantGroup;
			children = (
				3CC673EF1DDD0F7C009E1922 /* Base */,
			);
			name = LaunchScreen.storyboard;
			sourceTree = "<group>";
		};
/* End PBXVariantGroup section */

/* Begin XCBuildConfiguration section */
		3CC673F21DDD0F7C009E1922 /* Debug */ = {
			isa = XCBuildConfiguration;
			buildSettings = {
				ALWAYS_SEARCH_USER_PATHS = NO;
				CLANG_ANALYZER_NONNULL = YES;
				CLANG_CXX_LANGUAGE_STANDARD = "gnu++0x";
				CLANG_CXX_LIBRARY = "libc++";
				CLANG_ENABLE_MODULES = YES;
				CLANG_ENABLE_OBJC_ARC = YES;
				CLANG_WARN_BOOL_CONVERSION = YES;
				CLANG_WARN_CONSTANT_CONVERSION = YES;
				CLANG_WARN_DIRECT_OBJC_ISA_USAGE = YES_ERROR;
				CLANG_WARN_DOCUMENTATION_COMMENTS = YES;
				CLANG_WARN_EMPTY_BODY = YES;
				CLANG_WARN_ENUM_CONVERSION = YES;
				CLANG_WARN_INFINITE_RECURSION = YES;
				CLANG_WARN_INT_CONVERSION = YES;
				CLANG_WARN_OBJC_ROOT_CLASS = YES_ERROR;
				CLANG_WARN_SUSPICIOUS_MOVES = YES;
				CLANG_WARN_UNREACHABLE_CODE = YES;
				CLANG_WARN__DUPLICATE_METHOD_MATCH = YES;
				"CODE_SIGN_IDENTITY[sdk=iphoneos*]" = "iPhone Developer";
				COPY_PHASE_STRIP = NO;
				DEBUG_INFORMATION_FORMAT = dwarf;
				ENABLE_STRICT_OBJC_MSGSEND = YES;
				ENABLE_TESTABILITY = YES;
				GCC_C_LANGUAGE_STANDARD = gnu99;
				GCC_DYNAMIC_NO_PIC = NO;
				GCC_NO_COMMON_BLOCKS = YES;
				GCC_OPTIMIZATION_LEVEL = 0;
				GCC_PREPROCESSOR_DEFINITIONS = (
					"DEBUG=1",
					"$(inherited)",
				);
				GCC_WARN_64_TO_32_BIT_CONVERSION = YES;
				GCC_WARN_ABOUT_RETURN_TYPE = YES_ERROR;
				GCC_WARN_UNDECLARED_SELECTOR = YES;
				GCC_WARN_UNINITIALIZED_AUTOS = YES_AGGRESSIVE;
				GCC_WARN_UNUSED_FUNCTION = YES;
				GCC_WARN_UNUSED_VARIABLE = YES;
				IPHONEOS_DEPLOYMENT_TARGET = 10.0;
				MTL_ENABLE_DEBUG_INFO = YES;
				ONLY_ACTIVE_ARCH = YES;
				SDKROOT = iphoneos;
				SWIFT_ACTIVE_COMPILATION_CONDITIONS = DEBUG;
				SWIFT_OPTIMIZATION_LEVEL = "-Onone";
			};
			name = Debug;
		};
		3CC673F31DDD0F7C009E1922 /* Release */ = {
			isa = XCBuildConfiguration;
			buildSettings = {
				ALWAYS_SEARCH_USER_PATHS = NO;
				CLANG_ANALYZER_NONNULL = YES;
				CLANG_CXX_LANGUAGE_STANDARD = "gnu++0x";
				CLANG_CXX_LIBRARY = "libc++";
				CLANG_ENABLE_MODULES = YES;
				CLANG_ENABLE_OBJC_ARC = YES;
				CLANG_WARN_BOOL_CONVERSION = YES;
				CLANG_WARN_CONSTANT_CONVERSION = YES;
				CLANG_WARN_DIRECT_OBJC_ISA_USAGE = YES_ERROR;
				CLANG_WARN_DOCUMENTATION_COMMENTS = YES;
				CLANG_WARN_EMPTY_BODY = YES;
				CLANG_WARN_ENUM_CONVERSION = YES;
				CLANG_WARN_INFINITE_RECURSION = YES;
				CLANG_WARN_INT_CONVERSION = YES;
				CLANG_WARN_OBJC_ROOT_CLASS = YES_ERROR;
				CLANG_WARN_SUSPICIOUS_MOVES = YES;
				CLANG_WARN_UNREACHABLE_CODE = YES;
				CLANG_WARN__DUPLICATE_METHOD_MATCH = YES;
				"CODE_SIGN_IDENTITY[sdk=iphoneos*]" = "iPhone Developer";
				COPY_PHASE_STRIP = NO;
				DEBUG_INFORMATION_FORMAT = "dwarf-with-dsym";
				ENABLE_NS_ASSERTIONS = NO;
				ENABLE_STRICT_OBJC_MSGSEND = YES;
				GCC_C_LANGUAGE_STANDARD = gnu99;
				GCC_NO_COMMON_BLOCKS = YES;
				GCC_WARN_64_TO_32_BIT_CONVERSION = YES;
				GCC_WARN_ABOUT_RETURN_TYPE = YES_ERROR;
				GCC_WARN_UNDECLARED_SELECTOR = YES;
				GCC_WARN_UNINITIALIZED_AUTOS = YES_AGGRESSIVE;
				GCC_WARN_UNUSED_FUNCTION = YES;
				GCC_WARN_UNUSED_VARIABLE = YES;
				IPHONEOS_DEPLOYMENT_TARGET = 10.0;
				MTL_ENABLE_DEBUG_INFO = NO;
				SDKROOT = iphoneos;
				SWIFT_OPTIMIZATION_LEVEL = "-Owholemodule";
				VALIDATE_PRODUCT = YES;
			};
			name = Release;
		};
		3CC673F51DDD0F7C009E1922 /* Debug */ = {
			isa = XCBuildConfiguration;
			buildSettings = {
				ASSETCATALOG_COMPILER_APPICON_NAME = AppIcon;
				GCC_WARN_UNUSED_FUNCTION = YES;
				GCC_WARN_UNUSED_VALUE = YES;
				GCC_WARN_UNUSED_VARIABLE = YES;
				INFOPLIST_FILE = InteractiveStory/Info.plist;
				LD_RUNPATH_SEARCH_PATHS = "$(inherited) @executable_path/Frameworks";
				PRODUCT_BUNDLE_IDENTIFIER = com.kirstenmcaulay.InteractiveStory;
				PRODUCT_NAME = "$(TARGET_NAME)";
				SWIFT_VERSION = 3.0;
			};
			name = Debug;
		};
		3CC673F61DDD0F7C009E1922 /* Release */ = {
			isa = XCBuildConfiguration;
			buildSettings = {
				ASSETCATALOG_COMPILER_APPICON_NAME = AppIcon;
				GCC_WARN_UNUSED_FUNCTION = YES;
				GCC_WARN_UNUSED_VALUE = YES;
				GCC_WARN_UNUSED_VARIABLE = YES;
				INFOPLIST_FILE = InteractiveStory/Info.plist;
				LD_RUNPATH_SEARCH_PATHS = "$(inherited) @executable_path/Frameworks";
				PRODUCT_BUNDLE_IDENTIFIER = com.kirstenmcaulay.InteractiveStory;
				PRODUCT_NAME = "$(TARGET_NAME)";
				SWIFT_VERSION = 3.0;
			};
			name = Release;
		};
/* End XCBuildConfiguration section */

/* Begin XCConfigurationList section */
		3CC673DD1DDD0F7B009E1922 /* Build configuration list for PBXProject "InteractiveStory" */ = {
			isa = XCConfigurationList;
			buildConfigurations = (
				3CC673F21DDD0F7C009E1922 /* Debug */,
				3CC673F31DDD0F7C009E1922 /* Release */,
			);
			defaultConfigurationIsVisible = 0;
			defaultConfigurationName = Release;
		};
		3CC673F41DDD0F7C009E1922 /* Build configuration list for PBXNativeTarget "InteractiveStory" */ = {
			isa = XCConfigurationList;
			buildConfigurations = (
				3CC673F51DDD0F7C009E1922 /* Debug */,
				3CC673F61DDD0F7C009E1922 /* Release */,
			);
			defaultConfigurationIsVisible = 0;
			defaultConfigurationName = Release;
		};
/* End XCConfigurationList section */
	};
	rootObject = 3CC673DA1DDD0F7B009E1922 /* Project object */;
}
